
Microsoft Visual Studio Solution File, Format Version 12.00
# Visual Studio Version 16
VisualStudioVersion = 16.0.30804.86
MinimumVisualStudioVersion = 10.0.40219.1
Project("{FAE04EC0-301F-11D3-BF4B-00C04F79EFBC}") = "WCFService_2Way_028", "WCFService_2Way_028\WCFService_2Way_028.csproj", "{2236738A-3BB5-4C57-9B10-2E6EE022DC8E}"
EndProject
Global
	GlobalSection(SolutionConfigurationPlatforms) = preSolution
		Debug|Any CPU = Debug|Any CPU
		Release|Any CPU = Release|Any CPU
	EndGlobalSection
	GlobalSection(ProjectConfigurationPlatforms) = postSolution
		{2236738A-3BB5-4C57-9B10-2E6EE022DC8E}.Debug|Any CPU.ActiveCfg = Debug|Any CPU
		{2236738A-3BB5-4C57-9B10-2E6EE022DC8E}.Debug|Any CPU.Build.0 = Debug|Any CPU
		{2236738A-3BB5-4C57-9B10-2E6EE022DC8E}.Release|Any CPU.ActiveCfg = Release|Any CPU
		{2236738A-3BB5-4C57-9B10-2E6EE022DC8E}.Release|Any CPU.Build.0 = Release|Any CPU
	EndGlobalSection
	GlobalSection(SolutionProperties) = preSolution
		HideSolutionNode = FALSE
	EndGlobalSection
	GlobalSection(ExtensibilityGlobals) = postSolution
		SolutionGuid = {5DC45776-3CE6-4C81-AA72-33156B60A64B}
	EndGlobalSection
EndGlobal
